// !$*UTF8*$!
{
	archiveVersion = 1;
	classes = {
	};
	objectVersion = 56;
	objects = {

/* Begin PBXBuildFile section */
		E906161229AF91CA00E74152 /* FrameworkCLITest.swift in Sources */ = {isa = PBXBuildFile; fileRef = E906161129AF91CA00E74152 /* FrameworkCLITest.swift */; };
		E906162429AF91DC00E74152 /* JailBrokenHelper.swift in Sources */ = {isa = PBXBuildFile; fileRef = E906161829AF91DC00E74152 /* JailBrokenHelper.swift */; };
		E906162529AF91DC00E74152 /* UpiCommonLib.swift in Sources */ = {isa = PBXBuildFile; fileRef = E906161929AF91DC00E74152 /* UpiCommonLib.swift */; };
		E906162629AF91DC00E74152 /* ConfigurationParams.swift in Sources */ = {isa = PBXBuildFile; fileRef = E906161A29AF91DC00E74152 /* ConfigurationParams.swift */; };
		E906162729AF91DC00E74152 /* UPIDataConverter.swift in Sources */ = {isa = PBXBuildFile; fileRef = E906161B29AF91DC00E74152 /* UPIDataConverter.swift */; };
		E906162829AF91DC00E74152 /* UpiServiceCallback.swift in Sources */ = {isa = PBXBuildFile; fileRef = E906161C29AF91DC00E74152 /* UpiServiceCallback.swift */; };
		E906162929AF91DC00E74152 /* CredAllowed.swift in Sources */ = {isa = PBXBuildFile; fileRef = E906161D29AF91DC00E74152 /* CredAllowed.swift */; };
		E906162A29AF91DC00E74152 /* CredType.swift in Sources */ = {isa = PBXBuildFile; fileRef = E906161E29AF91DC00E74152 /* CredType.swift */; };
		E906162B29AF91DD00E74152 /* CLRequestParams.swift in Sources */ = {isa = PBXBuildFile; fileRef = E906161F29AF91DC00E74152 /* CLRequestParams.swift */; };
		E906162C29AF91DD00E74152 /* UPIFinalLayer.swift in Sources */ = {isa = PBXBuildFile; fileRef = E906162029AF91DC00E74152 /* UPIFinalLayer.swift */; };
		E906162D29AF91DD00E74152 /* CredKeyCode.swift in Sources */ = {isa = PBXBuildFile; fileRef = E906162129AF91DC00E74152 /* CredKeyCode.swift */; };
		E906162E29AF91DD00E74152 /* SaltParams.swift in Sources */ = {isa = PBXBuildFile; fileRef = E906162229AF91DC00E74152 /* SaltParams.swift */; };
		E906162F29AF91DD00E74152 /* CliConstants.swift in Sources */ = {isa = PBXBuildFile; fileRef = E906162329AF91DC00E74152 /* CliConstants.swift */; };
		E906163329AF91E900E74152 /* HMAC.m in Sources */ = {isa = PBXBuildFile; fileRef = E906163129AF91E900E74152 /* HMAC.m */; };
		E906164029AF91FF00E74152 /* TRUST.m in Sources */ = {isa = PBXBuildFile; fileRef = E906163629AF91FF00E74152 /* TRUST.m */; };
		E906164129AF91FF00E74152 /* SHA256.m in Sources */ = {isa = PBXBuildFile; fileRef = E906163929AF91FF00E74152 /* SHA256.m */; };
		E906164229AF91FF00E74152 /* RANDOM.m in Sources */ = {isa = PBXBuildFile; fileRef = E906163B29AF91FF00E74152 /* RANDOM.m */; };
		E906164329AF91FF00E74152 /* UpiHelper.m in Sources */ = {isa = PBXBuildFile; fileRef = E906163F29AF91FF00E74152 /* UpiHelper.m */; };
		E906164529AF92A100E74152 /* CommonLibrary.xcframework in Frameworks */ = {isa = PBXBuildFile; fileRef = E906164429AF92A000E74152 /* CommonLibrary.xcframework */; settings = {ATTRIBUTES = (Required, ); }; };
/* End PBXBuildFile section */

/* Begin PBXCopyFilesBuildPhase section */
		E906160C29AF91CA00E74152 /* CopyFiles */ = {
			isa = PBXCopyFilesBuildPhase;
			buildActionMask = 2147483647;
			dstPath = "include/$(PRODUCT_NAME)";
			dstSubfolderSpec = 16;
			files = (
			);
			runOnlyForDeploymentPostprocessing = 0;
		};
/* End PBXCopyFilesBuildPhase section */

/* Begin PBXFileReference section */
		E906160E29AF91CA00E74152 /* libFrameworkCLITest.a */ = {isa = PBXFileReference; explicitFileType = archive.ar; includeInIndex = 0; path = libFrameworkCLITest.a; sourceTree = BUILT_PRODUCTS_DIR; };
		E906161129AF91CA00E74152 /* FrameworkCLITest.swift */ = {isa = PBXFileReference; lastKnownFileType = sourcecode.swift; path = FrameworkCLITest.swift; sourceTree = "<group>"; };
		E906161829AF91DC00E74152 /* JailBrokenHelper.swift */ = {isa = PBXFileReference; fileEncoding = 4; lastKnownFileType = sourcecode.swift; path = JailBrokenHelper.swift; sourceTree = "<group>"; };
		E906161929AF91DC00E74152 /* UpiCommonLib.swift */ = {isa = PBXFileReference; fileEncoding = 4; lastKnownFileType = sourcecode.swift; path = UpiCommonLib.swift; sourceTree = "<group>"; };
		E906161A29AF91DC00E74152 /* ConfigurationParams.swift */ = {isa = PBXFileReference; fileEncoding = 4; lastKnownFileType = sourcecode.swift; path = ConfigurationParams.swift; sourceTree = "<group>"; };
		E906161B29AF91DC00E74152 /* UPIDataConverter.swift */ = {isa = PBXFileReference; fileEncoding = 4; lastKnownFileType = sourcecode.swift; path = UPIDataConverter.swift; sourceTree = "<group>"; };
		E906161C29AF91DC00E74152 /* UpiServiceCallback.swift */ = {isa = PBXFileReference; fileEncoding = 4; lastKnownFileType = sourcecode.swift; path = UpiServiceCallback.swift; sourceTree = "<group>"; };
		E906161D29AF91DC00E74152 /* CredAllowed.swift */ = {isa = PBXFileReference; fileEncoding = 4; lastKnownFileType = sourcecode.swift; path = CredAllowed.swift; sourceTree = "<group>"; };
		E906161E29AF91DC00E74152 /* CredType.swift */ = {isa = PBXFileReference; fileEncoding = 4; lastKnownFileType = sourcecode.swift; path = CredType.swift; sourceTree = "<group>"; };
		E906161F29AF91DC00E74152 /* CLRequestParams.swift */ = {isa = PBXFileReference; fileEncoding = 4; lastKnownFileType = sourcecode.swift; path = CLRequestParams.swift; sourceTree = "<group>"; };
		E906162029AF91DC00E74152 /* UPIFinalLayer.swift */ = {isa = PBXFileReference; fileEncoding = 4; lastKnownFileType = sourcecode.swift; path = UPIFinalLayer.swift; sourceTree = "<group>"; };
		E906162129AF91DC00E74152 /* CredKeyCode.swift */ = {isa = PBXFileReference; fileEncoding = 4; lastKnownFileType = sourcecode.swift; path = CredKeyCode.swift; sourceTree = "<group>"; };
		E906162229AF91DC00E74152 /* SaltParams.swift */ = {isa = PBXFileReference; fileEncoding = 4; lastKnownFileType = sourcecode.swift; path = SaltParams.swift; sourceTree = "<group>"; };
		E906162329AF91DC00E74152 /* CliConstants.swift */ = {isa = PBXFileReference; fileEncoding = 4; lastKnownFileType = sourcecode.swift; path = CliConstants.swift; sourceTree = "<group>"; };
		E906163029AF91E800E74152 /* FrameworkCLITest-Bridging-Header.h */ = {isa = PBXFileReference; lastKnownFileType = sourcecode.c.h; path = "FrameworkCLITest-Bridging-Header.h"; sourceTree = "<group>"; };
		E906163129AF91E900E74152 /* HMAC.m */ = {isa = PBXFileReference; fileEncoding = 4; lastKnownFileType = sourcecode.c.objc; path = HMAC.m; sourceTree = "<group>"; };
		E906163229AF91E900E74152 /* HMAC.h */ = {isa = PBXFileReference; fileEncoding = 4; lastKnownFileType = sourcecode.c.h; path = HMAC.h; sourceTree = "<group>"; };
		E906163529AF91FF00E74152 /* TRUST.h */ = {isa = PBXFileReference; fileEncoding = 4; lastKnownFileType = sourcecode.c.h; path = TRUST.h; sourceTree = "<group>"; };
		E906163629AF91FF00E74152 /* TRUST.m */ = {isa = PBXFileReference; fileEncoding = 4; lastKnownFileType = sourcecode.c.objc; path = TRUST.m; sourceTree = "<group>"; };
		E906163829AF91FF00E74152 /* SHA256.h */ = {isa = PBXFileReference; fileEncoding = 4; lastKnownFileType = sourcecode.c.h; path = SHA256.h; sourceTree = "<group>"; };
		E906163929AF91FF00E74152 /* SHA256.m */ = {isa = PBXFileReference; fileEncoding = 4; lastKnownFileType = sourcecode.c.objc; path = SHA256.m; sourceTree = "<group>"; };
		E906163B29AF91FF00E74152 /* RANDOM.m */ = {isa = PBXFileReference; fileEncoding = 4; lastKnownFileType = sourcecode.c.objc; path = RANDOM.m; sourceTree = "<group>"; };
		E906163C29AF91FF00E74152 /* RANDOM.h */ = {isa = PBXFileReference; fileEncoding = 4; lastKnownFileType = sourcecode.c.h; path = RANDOM.h; sourceTree = "<group>"; };
		E906163E29AF91FF00E74152 /* UpiHelper.h */ = {isa = PBXFileReference; fileEncoding = 4; lastKnownFileType = sourcecode.c.h; path = UpiHelper.h; sourceTree = "<group>"; };
		E906163F29AF91FF00E74152 /* UpiHelper.m */ = {isa = PBXFileReference; fileEncoding = 4; lastKnownFileType = sourcecode.c.objc; path = UpiHelper.m; sourceTree = "<group>"; };
		E906164429AF92A000E74152 /* CommonLibrary.xcframework */ = {isa = PBXFileReference; lastKnownFileType = wrapper.xcframework; path = CommonLibrary.xcframework; sourceTree = "<group>"; };
/* End PBXFileReference section */

/* Begin PBXFrameworksBuildPhase section */
		E906160B29AF91CA00E74152 /* Frameworks */ = {
			isa = PBXFrameworksBuildPhase;
			buildActionMask = 2147483647;
			files = (
				E906164529AF92A100E74152 /* CommonLibrary.xcframework in Frameworks */,
			);
			runOnlyForDeploymentPostprocessing = 0;
		};
/* End PBXFrameworksBuildPhase section */

/* Begin PBXGroup section */
		E906160529AF91C900E74152 = {
			isa = PBXGroup;
			children = (
				E906161029AF91CA00E74152 /* FrameworkCLITest */,
				E906160F29AF91CA00E74152 /* Products */,
			);
			sourceTree = "<group>";
		};
		E906160F29AF91CA00E74152 /* Products */ = {
			isa = PBXGroup;
			children = (
				E906160E29AF91CA00E74152 /* libFrameworkCLITest.a */,
			);
			name = Products;
			sourceTree = "<group>";
		};
		E906161029AF91CA00E74152 /* FrameworkCLITest */ = {
			isa = PBXGroup;
			children = (
				E906164429AF92A000E74152 /* CommonLibrary.xcframework */,
				E906163A29AF91FF00E74152 /* RANDOM */,
				E906163729AF91FF00E74152 /* SHA256 */,
				E906163429AF91FF00E74152 /* TRUST */,
				E906163D29AF91FF00E74152 /* UpiHelper */,
				E906163229AF91E900E74152 /* HMAC.h */,
				E906163129AF91E900E74152 /* HMAC.m */,
				E906161129AF91CA00E74152 /* FrameworkCLITest.swift */,
				E906162329AF91DC00E74152 /* CliConstants.swift */,
				E906161F29AF91DC00E74152 /* CLRequestParams.swift */,
				E906161A29AF91DC00E74152 /* ConfigurationParams.swift */,
				E906161D29AF91DC00E74152 /* CredAllowed.swift */,
				E906162129AF91DC00E74152 /* CredKeyCode.swift */,
				E906161E29AF91DC00E74152 /* CredType.swift */,
				E906161829AF91DC00E74152 /* JailBrokenHelper.swift */,
				E906162229AF91DC00E74152 /* SaltParams.swift */,
				E906161929AF91DC00E74152 /* UpiCommonLib.swift */,
				E906161B29AF91DC00E74152 /* UPIDataConverter.swift */,
				E906162029AF91DC00E74152 /* UPIFinalLayer.swift */,
				E906161C29AF91DC00E74152 /* UpiServiceCallback.swift */,
				E906163029AF91E800E74152 /* FrameworkCLITest-Bridging-Header.h */,
			);
			path = FrameworkCLITest;
			sourceTree = "<group>";
		};
		E906163429AF91FF00E74152 /* TRUST */ = {
			isa = PBXGroup;
			children = (
				E906163529AF91FF00E74152 /* TRUST.h */,
				E906163629AF91FF00E74152 /* TRUST.m */,
			);
			path = TRUST;
			sourceTree = "<group>";
		};
		E906163729AF91FF00E74152 /* SHA256 */ = {
			isa = PBXGroup;
			children = (
				E906163829AF91FF00E74152 /* SHA256.h */,
				E906163929AF91FF00E74152 /* SHA256.m */,
			);
			path = SHA256;
			sourceTree = "<group>";
		};
		E906163A29AF91FF00E74152 /* RANDOM */ = {
			isa = PBXGroup;
			children = (
				E906163B29AF91FF00E74152 /* RANDOM.m */,
				E906163C29AF91FF00E74152 /* RANDOM.h */,
			);
			path = RANDOM;
			sourceTree = "<group>";
		};
		E906163D29AF91FF00E74152 /* UpiHelper */ = {
			isa = PBXGroup;
			children = (
				E906163E29AF91FF00E74152 /* UpiHelper.h */,
				E906163F29AF91FF00E74152 /* UpiHelper.m */,
			);
			path = UpiHelper;
			sourceTree = "<group>";
		};
/* End PBXGroup section */

/* Begin PBXNativeTarget section */
		E906160D29AF91CA00E74152 /* FrameworkCLITest */ = {
			isa = PBXNativeTarget;
			buildConfigurationList = E906161529AF91CA00E74152 /* Build configuration list for PBXNativeTarget "FrameworkCLITest" */;
			buildPhases = (
				E906160A29AF91CA00E74152 /* Sources */,
				E906160B29AF91CA00E74152 /* Frameworks */,
				E906160C29AF91CA00E74152 /* CopyFiles */,
			);
			buildRules = (
			);
			dependencies = (
			);
			name = FrameworkCLITest;
			productName = FrameworkCLITest;
			productReference = E906160E29AF91CA00E74152 /* libFrameworkCLITest.a */;
			productType = "com.apple.product-type.library.static";
		};
/* End PBXNativeTarget section */

/* Begin PBXProject section */
		E906160629AF91C900E74152 /* Project object */ = {
			isa = PBXProject;
			attributes = {
				BuildIndependentTargetsInParallel = 1;
				LastSwiftUpdateCheck = 1420;
				LastUpgradeCheck = 1420;
				TargetAttributes = {
					E906160D29AF91CA00E74152 = {
						CreatedOnToolsVersion = 14.2;
						LastSwiftMigration = 1420;
					};
				};
			};
			buildConfigurationList = E906160929AF91C900E74152 /* Build configuration list for PBXProject "FrameworkCLITest" */;
			compatibilityVersion = "Xcode 14.0";
			developmentRegion = en;
			hasScannedForEncodings = 0;
			knownRegions = (
				en,
				Base,
			);
			mainGroup = E906160529AF91C900E74152;
			productRefGroup = E906160F29AF91CA00E74152 /* Products */;
			projectDirPath = "";
			projectRoot = "";
			targets = (
				E906160D29AF91CA00E74152 /* FrameworkCLITest */,
			);
		};
/* End PBXProject section */

/* Begin PBXSourcesBuildPhase section */
		E906160A29AF91CA00E74152 /* Sources */ = {
			isa = PBXSourcesBuildPhase;
			buildActionMask = 2147483647;
			files = (
				E906162B29AF91DD00E74152 /* CLRequestParams.swift in Sources */,
				E906162629AF91DC00E74152 /* ConfigurationParams.swift in Sources */,
				E906162A29AF91DC00E74152 /* CredType.swift in Sources */,
				E906162F29AF91DD00E74152 /* CliConstants.swift in Sources */,
				E906162829AF91DC00E74152 /* UpiServiceCallback.swift in Sources */,
				E906162429AF91DC00E74152 /* JailBrokenHelper.swift in Sources */,
				E906164329AF91FF00E74152 /* UpiHelper.m in Sources */,
				E906163329AF91E900E74152 /* HMAC.m in Sources */,
				E906162C29AF91DD00E74152 /* UPIFinalLayer.swift in Sources */,
				E906161229AF91CA00E74152 /* FrameworkCLITest.swift in Sources */,
				E906164029AF91FF00E74152 /* TRUST.m in Sources */,
				E906162E29AF91DD00E74152 /* SaltParams.swift in Sources */,
				E906162929AF91DC00E74152 /* CredAllowed.swift in Sources */,
				E906164229AF91FF00E74152 /* RANDOM.m in Sources */,
				E906164129AF91FF00E74152 /* SHA256.m in Sources */,
				E906162D29AF91DD00E74152 /* CredKeyCode.swift in Sources */,
				E906162529AF91DC00E74152 /* UpiCommonLib.swift in Sources */,
				E906162729AF91DC00E74152 /* UPIDataConverter.swift in Sources */,
			);
			runOnlyForDeploymentPostprocessing = 0;
		};
/* End PBXSourcesBuildPhase section */

/* Begin XCBuildConfiguration section */
		E906161329AF91CA00E74152 /* Debug */ = {
			isa = XCBuildConfiguration;
			buildSettings = {
				ALWAYS_SEARCH_USER_PATHS = NO;
				CLANG_ANALYZER_NONNULL = YES;
				CLANG_ANALYZER_NUMBER_OBJECT_CONVERSION = YES_AGGRESSIVE;
				CLANG_CXX_LANGUAGE_STANDARD = "gnu++20";
				CLANG_ENABLE_MODULES = YES;
				CLANG_ENABLE_OBJC_ARC = YES;
				CLANG_ENABLE_OBJC_WEAK = YES;
				CLANG_WARN_BLOCK_CAPTURE_AUTORELEASING = YES;
				CLANG_WARN_BOOL_CONVERSION = YES;
				CLANG_WARN_COMMA = YES;
				CLANG_WARN_CONSTANT_CONVERSION = YES;
				CLANG_WARN_DEPRECATED_OBJC_IMPLEMENTATIONS = YES;
				CLANG_WARN_DIRECT_OBJC_ISA_USAGE = YES_ERROR;
				CLANG_WARN_DOCUMENTATION_COMMENTS = YES;
				CLANG_WARN_EMPTY_BODY = YES;
				CLANG_WARN_ENUM_CONVERSION = YES;
				CLANG_WARN_INFINITE_RECURSION = YES;
				CLANG_WARN_INT_CONVERSION = YES;
				CLANG_WARN_NON_LITERAL_NULL_CONVERSION = YES;
				CLANG_WARN_OBJC_IMPLICIT_RETAIN_SELF = YES;
				CLANG_WARN_OBJC_LITERAL_CONVERSION = YES;
				CLANG_WARN_OBJC_ROOT_CLASS = YES_ERROR;
				CLANG_WARN_QUOTED_INCLUDE_IN_FRAMEWORK_HEADER = YES;
				CLANG_WARN_RANGE_LOOP_ANALYSIS = YES;
				CLANG_WARN_STRICT_PROTOTYPES = YES;
				CLANG_WARN_SUSPICIOUS_MOVE = YES;
				CLANG_WARN_UNGUARDED_AVAILABILITY = YES_AGGRESSIVE;
				CLANG_WARN_UNREACHABLE_CODE = YES;
				CLANG_WARN__DUPLICATE_METHOD_MATCH = YES;
				COPY_PHASE_STRIP = NO;
				DEBUG_INFORMATION_FORMAT = dwarf;
				ENABLE_STRICT_OBJC_MSGSEND = YES;
				ENABLE_TESTABILITY = YES;
				GCC_C_LANGUAGE_STANDARD = gnu11;
				GCC_DYNAMIC_NO_PIC = NO;
				GCC_NO_COMMON_BLOCKS = YES;
				GCC_OPTIMIZATION_LEVEL = 0;
				GCC_PREPROCESSOR_DEFINITIONS = (
					"DEBUG=1",
					"$(inherited)",
				);
				GCC_WARN_64_TO_32_BIT_CONVERSION = YES;
				GCC_WARN_ABOUT_RETURN_TYPE = YES_ERROR;
				GCC_WARN_UNDECLARED_SELECTOR = YES;
				GCC_WARN_UNINITIALIZED_AUTOS = YES_AGGRESSIVE;
				GCC_WARN_UNUSED_FUNCTION = YES;
				GCC_WARN_UNUSED_VARIABLE = YES;
				IPHONEOS_DEPLOYMENT_TARGET = 14.0;
				MTL_ENABLE_DEBUG_INFO = INCLUDE_SOURCE;
				MTL_FAST_MATH = YES;
				ONLY_ACTIVE_ARCH = YES;
				SDKROOT = iphoneos;
				SWIFT_ACTIVE_COMPILATION_CONDITIONS = DEBUG;
				SWIFT_OPTIMIZATION_LEVEL = "-Onone";
			};
			name = Debug;
		};
		E906161429AF91CA00E74152 /* Release */ = {
			isa = XCBuildConfiguration;
			buildSettings = {
				ALWAYS_SEARCH_USER_PATHS = NO;
				CLANG_ANALYZER_NONNULL = YES;
				CLANG_ANALYZER_NUMBER_OBJECT_CONVERSION = YES_AGGRESSIVE;
				CLANG_CXX_LANGUAGE_STANDARD = "gnu++20";
				CLANG_ENABLE_MODULES = YES;
				CLANG_ENABLE_OBJC_ARC = YES;
				CLANG_ENABLE_OBJC_WEAK = YES;
				CLANG_WARN_BLOCK_CAPTURE_AUTORELEASING = YES;
				CLANG_WARN_BOOL_CONVERSION = YES;
				CLANG_WARN_COMMA = YES;
				CLANG_WARN_CONSTANT_CONVERSION = YES;
				CLANG_WARN_DEPRECATED_OBJC_IMPLEMENTATIONS = YES;
				CLANG_WARN_DIRECT_OBJC_ISA_USAGE = YES_ERROR;
				CLANG_WARN_DOCUMENTATION_COMMENTS = YES;
				CLANG_WARN_EMPTY_BODY = YES;
				CLANG_WARN_ENUM_CONVERSION = YES;
				CLANG_WARN_INFINITE_RECURSION = YES;
				CLANG_WARN_INT_CONVERSION = YES;
				CLANG_WARN_NON_LITERAL_NULL_CONVERSION = YES;
				CLANG_WARN_OBJC_IMPLICIT_RETAIN_SELF = YES;
				CLANG_WARN_OBJC_LITERAL_CONVERSION = YES;
				CLANG_WARN_OBJC_ROOT_CLASS = YES_ERROR;
				CLANG_WARN_QUOTED_INCLUDE_IN_FRAMEWORK_HEADER = YES;
				CLANG_WARN_RANGE_LOOP_ANALYSIS = YES;
				CLANG_WARN_STRICT_PROTOTYPES = YES;
				CLANG_WARN_SUSPICIOUS_MOVE = YES;
				CLANG_WARN_UNGUARDED_AVAILABILITY = YES_AGGRESSIVE;
				CLANG_WARN_UNREACHABLE_CODE = YES;
				CLANG_WARN__DUPLICATE_METHOD_MATCH = YES;
				COPY_PHASE_STRIP = NO;
				DEBUG_INFORMATION_FORMAT = "dwarf-with-dsym";
				ENABLE_NS_ASSERTIONS = NO;
				ENABLE_STRICT_OBJC_MSGSEND = YES;
				GCC_C_LANGUAGE_STANDARD = gnu11;
				GCC_NO_COMMON_BLOCKS = YES;
				GCC_WARN_64_TO_32_BIT_CONVERSION = YES;
				GCC_WARN_ABOUT_RETURN_TYPE = YES_ERROR;
				GCC_WARN_UNDECLARED_SELECTOR = YES;
				GCC_WARN_UNINITIALIZED_AUTOS = YES_AGGRESSIVE;
				GCC_WARN_UNUSED_FUNCTION = YES;
				GCC_WARN_UNUSED_VARIABLE = YES;
				IPHONEOS_DEPLOYMENT_TARGET = 14.0;
				MTL_ENABLE_DEBUG_INFO = NO;
				MTL_FAST_MATH = YES;
				SDKROOT = iphoneos;
				SWIFT_COMPILATION_MODE = wholemodule;
				SWIFT_OPTIMIZATION_LEVEL = "-O";
				VALIDATE_PRODUCT = YES;
			};
			name = Release;
		};
		E906161629AF91CA00E74152 /* Debug */ = {
			isa = XCBuildConfiguration;
			buildSettings = {
				CLANG_ENABLE_MODULES = YES;
				CODE_SIGN_STYLE = Automatic;
				DEVELOPMENT_TEAM = GDM26CB2M6;
				LD_RUNPATH_SEARCH_PATHS = (
					"$(inherited)",
					"@executable_path/Frameworks",
					"@loader_path/Frameworks",
				);
				OTHER_LDFLAGS = "-ObjC";
				PRODUCT_NAME = "$(TARGET_NAME)";
				SKIP_INSTALL = YES;
				SWIFT_OBJC_BRIDGING_HEADER = "FrameworkCLITest/FrameworkCLITest-Bridging-Header.h";
				SWIFT_OPTIMIZATION_LEVEL = "-Onone";
				SWIFT_VERSION = 5.0;
				TARGETED_DEVICE_FAMILY = "1,2";
			};
			name = Debug;
		};
		E906161729AF91CA00E74152 /* Release */ = {
			isa = XCBuildConfiguration;
			buildSettings = {
				CLANG_ENABLE_MODULES = YES;
				CODE_SIGN_STYLE = Automatic;
				DEVELOPMENT_TEAM = GDM26CB2M6;
				LD_RUNPATH_SEARCH_PATHS = (
					"$(inherited)",
					"@executable_path/Frameworks",
					"@loader_path/Frameworks",
				);
				OTHER_LDFLAGS = "-ObjC";
				PRODUCT_NAME = "$(TARGET_NAME)";
				SKIP_INSTALL = YES;
				SWIFT_OBJC_BRIDGING_HEADER = "FrameworkCLITest/FrameworkCLITest-Bridging-Header.h";
				SWIFT_VERSION = 5.0;
				TARGETED_DEVICE_FAMILY = "1,2";
			};
			name = Release;
		};
/* End XCBuildConfiguration section */

/* Begin XCConfigurationList section */
		E906160929AF91C900E74152 /* Build configuration list for PBXProject "FrameworkCLITest" */ = {
			isa = XCConfigurationList;
			buildConfigurations = (
				E906161329AF91CA00E74152 /* Debug */,
				E906161429AF91CA00E74152 /* Release */,
			);
			defaultConfigurationIsVisible = 0;
			defaultConfigurationName = Release;
		};
		E906161529AF91CA00E74152 /* Build configuration list for PBXNativeTarget "FrameworkCLITest" */ = {
			isa = XCConfigurationList;
			buildConfigurations = (
				E906161629AF91CA00E74152 /* Debug */,
				E906161729AF91CA00E74152 /* Release */,
			);
			defaultConfigurationIsVisible = 0;
			defaultConfigurationName = Release;
		};
/* End XCConfigurationList section */
	};
	rootObject = E906160629AF91C900E74152 /* Project object */;
}
